{
  "requires": true,
  "lockfileVersion": 1,
  "dependencies": {
    "@firebase/analytics": {
      "version": "0.7.2",
      "resolved": "https://registry.npmmirror.com/@firebase/analytics/download/@firebase/analytics-0.7.2.tgz?cache=0&sync_timestamp=1634334320558&other_urls=https%3A%2F%2Fregistry.npmmirror.com%2F%40firebase%2Fanalytics%2Fdownload%2F%40firebase%2Fanalytics-0.7.2.tgz",
      "integrity": "sha1-Ll5JEByM80Vbc478sfO+8VMx10s=",
      "requires": {
        "@firebase/component": "0.5.7",
        "@firebase/installations": "0.5.2",
        "@firebase/logger": "0.3.0",
        "@firebase/util": "1.4.0",
        "tslib": "^2.1.0"
      }
    },
    "@firebase/analytics-compat": {
      "version": "0.1.3",
      "resolved": "https://registry.npmmirror.com/@firebase/analytics-compat/download/@firebase/analytics-compat-0.1.3.tgz",
      "integrity": "sha1-IKZ6lYPPnMh6BKdi6W1pfJ7MCNc=",
      "requires": {
        "@firebase/analytics": "0.7.2",
        "@firebase/analytics-types": "0.7.0",
        "@firebase/component": "0.5.7",
        "@firebase/util": "1.4.0",
        "tslib": "^2.1.0"
      }
    },
    "@firebase/analytics-types": {
      "version": "0.7.0",
      "resolved": "https://registry.npmmirror.com/@firebase/analytics-types/download/@firebase/analytics-types-0.7.0.tgz?cache=0&sync_timestamp=1634334322534&other_urls=https%3A%2F%2Fregistry.npmmirror.com%2F%40firebase%2Fanalytics-types%2Fdownload%2F%40firebase%2Fanalytics-types-0.7.0.tgz",
      "integrity": "sha1-kZYOfIfOi/GM+N2eVcy/XcOYm10="
    },
    "@firebase/app": {
      "version": "0.7.4",
      "resolved": "https://registry.npmmirror.com/@firebase/app/download/@firebase/app-0.7.4.tgz",
      "integrity": "sha1-IQDmN55/bk7QkS+DEuz7ci3B0IU=",
      "requires": {
        "@firebase/component": "0.5.7",
        "@firebase/logger": "0.3.0",
        "@firebase/util": "1.4.0",
        "tslib": "^2.1.0"
      }
    },
    "@firebase/app-check": {
      "version": "0.4.2",
      "resolved": "https://registry.npmmirror.com/@firebase/app-check/download/@firebase/app-check-0.4.2.tgz?cache=0&sync_timestamp=1634334316191&other_urls=https%3A%2F%2Fregistry.npmmirror.com%2F%40firebase%2Fapp-check%2Fdownload%2F%40firebase%2Fapp-check-0.4.2.tgz",
      "integrity": "sha1-M8pg9DnWec7ZpZOzksikk00U2B8=",
      "requires": {
        "@firebase/component": "0.5.7",
        "@firebase/logger": "0.3.0",
        "@firebase/util": "1.4.0",
        "tslib": "^2.1.0"
      }
    },
    "@firebase/app-check-compat": {
      "version": "0.1.3",
      "resolved": "https://registry.npmmirror.com/@firebase/app-check-compat/download/@firebase/app-check-compat-0.1.3.tgz?cache=0&sync_timestamp=1634334315957&other_urls=https%3A%2F%2Fregistry.npmmirror.com%2F%40firebase%2Fapp-check-compat%2Fdownload%2F%40firebase%2Fapp-check-compat-0.1.3.tgz",
      "integrity": "sha1-sQw0pE1L/dhpEVBjZ+hnBfsuP/A=",
      "requires": {
        "@firebase/app-check": "0.4.2",
        "@firebase/component": "0.5.7",
        "@firebase/logger": "0.3.0",
        "@firebase/util": "1.4.0",
        "tslib": "^2.1.0"
      }
    },
    "@firebase/app-check-interop-types": {
      "version": "0.1.0",
      "resolved": "https://registry.npmmirror.com/@firebase/app-check-interop-types/download/@firebase/app-check-interop-types-0.1.0.tgz?cache=0&sync_timestamp=1634334327707&other_urls=https%3A%2F%2Fregistry.npmmirror.com%2F%40firebase%2Fapp-check-interop-types%2Fdownload%2F%40firebase%2Fapp-check-interop-types-0.1.0.tgz",
      "integrity": "sha1-g6/Z1B+ZFmwr2y2CTlAy6e3Y/lM="
    },
    "@firebase/app-compat": {
      "version": "0.1.5",
      "resolved": "https://registry.npmmirror.com/@firebase/app-compat/download/@firebase/app-compat-0.1.5.tgz",
      "integrity": "sha1-DLdaBCRaSDClNU/UOg0VxlIixPQ=",
      "requires": {
        "@firebase/app": "0.7.4",
        "@firebase/component": "0.5.7",
        "@firebase/logger": "0.3.0",
        "@firebase/util": "1.4.0",
        "tslib": "^2.1.0"
      }
    },
    "@firebase/app-types": {
      "version": "0.7.0",
      "resolved": "https://registry.npmmirror.com/@firebase/app-types/download/@firebase/app-types-0.7.0.tgz?cache=0&sync_timestamp=1634334301908&other_urls=https%3A%2F%2Fregistry.npmmirror.com%2F%40firebase%2Fapp-types%2Fdownload%2F%40firebase%2Fapp-types-0.7.0.tgz",
      "integrity": "sha1-yeFtG4vtGpkYQLjSpyX7WNC1iZ8="
    },
    "@firebase/auth": {
      "version": "0.18.3",
      "resolved": "https://registry.npmmirror.com/@firebase/auth/download/@firebase/auth-0.18.3.tgz?cache=0&sync_timestamp=1634334272392&other_urls=https%3A%2F%2Fregistry.npmmirror.com%2F%40firebase%2Fauth%2Fdownload%2F%40firebase%2Fauth-0.18.3.tgz",
      "integrity": "sha1-1NzExDfu0Aix2zDVt/dOCBo+4jM=",
      "requires": {
        "@firebase/component": "0.5.7",
        "@firebase/logger": "0.3.0",
        "@firebase/util": "1.4.0",
        "node-fetch": "2.6.5",
        "selenium-webdriver": "4.0.0-rc-1",
        "tslib": "^2.1.0"
      }
    },
    "@firebase/auth-compat": {
      "version": "0.1.6",
      "resolved": "https://registry.npmmirror.com/@firebase/auth-compat/download/@firebase/auth-compat-0.1.6.tgz?cache=0&sync_timestamp=1634334271599&other_urls=https%3A%2F%2Fregistry.npmmirror.com%2F%40firebase%2Fauth-compat%2Fdownload%2F%40firebase%2Fauth-compat-0.1.6.tgz",
      "integrity": "sha1-C3WVqDJ+SlJuwdfIsj0eaijEOvc=",
      "requires": {
        "@firebase/auth": "0.18.3",
        "@firebase/auth-types": "0.11.0",
        "@firebase/component": "0.5.7",
        "@firebase/util": "1.4.0",
        "node-fetch": "2.6.5",
        "selenium-webdriver": "^4.0.0-beta.2",
        "tslib": "^2.1.0"
      }
    },
    "@firebase/auth-interop-types": {
      "version": "0.1.6",
      "resolved": "https://registry.npmmirror.com/@firebase/auth-interop-types/download/@firebase/auth-interop-types-0.1.6.tgz?cache=0&sync_timestamp=1634334327921&other_urls=https%3A%2F%2Fregistry.npmmirror.com%2F%40firebase%2Fauth-interop-types%2Fdownload%2F%40firebase%2Fauth-interop-types-0.1.6.tgz",
      "integrity": "sha1-XOE/wcUnrTbxuxMixEkmgKbPSWQ="
    },
    "@firebase/auth-types": {
      "version": "0.11.0",
      "resolved": "https://registry.npmmirror.com/@firebase/auth-types/download/@firebase/auth-types-0.11.0.tgz",
      "integrity": "sha1-ucc8YMoHlFs7vXoJdjPl94+p6IY="
    },
    "@firebase/component": {
      "version": "0.5.7",
      "resolved": "https://registry.npmmirror.com/@firebase/component/download/@firebase/component-0.5.7.tgz",
      "integrity": "sha1-pQxfvRSiE2qZreb1n1NJhynA8XQ=",
      "requires": {
        "@firebase/util": "1.4.0",
        "tslib": "^2.1.0"
      }
    },
    "@firebase/database": {
      "version": "0.12.2",
      "resolved": "https://registry.npmmirror.com/@firebase/database/download/@firebase/database-0.12.2.tgz?cache=0&sync_timestamp=1634334308185&other_urls=https%3A%2F%2Fregistry.npmmirror.com%2F%40firebase%2Fdatabase%2Fdownload%2F%40firebase%2Fdatabase-0.12.2.tgz",
      "integrity": "sha1-jCT/TXmry+9YlsLN6uAszDgttEs=",
      "requires": {
        "@firebase/auth-interop-types": "0.1.6",
        "@firebase/component": "0.5.7",
        "@firebase/logger": "0.3.0",
        "@firebase/util": "1.4.0",
        "faye-websocket": "0.11.4",
        "tslib": "^2.1.0"
      }
    },
    "@firebase/database-compat": {
      "version": "0.1.2",
      "resolved": "https://registry.npmmirror.com/@firebase/database-compat/download/@firebase/database-compat-0.1.2.tgz?cache=0&sync_timestamp=1634334299265&other_urls=https%3A%2F%2Fregistry.npmmirror.com%2F%40firebase%2Fdatabase-compat%2Fdownload%2F%40firebase%2Fdatabase-compat-0.1.2.tgz",
      "integrity": "sha1-xlzVnk4bfsaDTeWhcjh4cknaHhk=",
      "requires": {
        "@firebase/component": "0.5.7",
        "@firebase/database": "0.12.2",
        "@firebase/database-types": "0.9.1",
        "@firebase/logger": "0.3.0",
        "@firebase/util": "1.4.0",
        "tslib": "^2.1.0"
      }
    },
    "@firebase/database-types": {
      "version": "0.9.1",
      "resolved": "https://registry.npmmirror.com/@firebase/database-types/download/@firebase/database-types-0.9.1.tgz?cache=0&sync_timestamp=1634334299854&other_urls=https%3A%2F%2Fregistry.npmmirror.com%2F%40firebase%2Fdatabase-types%2Fdownload%2F%40firebase%2Fdatabase-types-0.9.1.tgz",
      "integrity": "sha1-DKuYnoFU2BK1NdgPI8FXix05H18=",
      "requires": {
        "@firebase/app-types": "0.7.0",
        "@firebase/util": "1.4.0"
      }
    },
    "@firebase/firestore": {
      "version": "3.1.1",
      "resolved": "https://registry.npmmirror.com/@firebase/firestore/download/@firebase/firestore-3.1.1.tgz?cache=0&sync_timestamp=1634334210110&other_urls=https%3A%2F%2Fregistry.npmmirror.com%2F%40firebase%2Ffirestore%2Fdownload%2F%40firebase%2Ffirestore-3.1.1.tgz",
      "integrity": "sha1-SzwNFfjKOKg8xlXr/C3/uKbJhKs=",
      "requires": {
        "@firebase/component": "0.5.7",
        "@firebase/logger": "0.3.0",
        "@firebase/util": "1.4.0",
        "@firebase/webchannel-wrapper": "0.6.0",
        "@grpc/grpc-js": "^1.3.2",
        "@grpc/proto-loader": "^0.6.0",
        "node-fetch": "2.6.5",
        "tslib": "^2.1.0"
      }
    },
    "@firebase/firestore-compat": {
      "version": "0.1.4",
      "resolved": "https://registry.npmmirror.com/@firebase/firestore-compat/download/@firebase/firestore-compat-0.1.4.tgz?cache=0&sync_timestamp=1634334315709&other_urls=https%3A%2F%2Fregistry.npmmirror.com%2F%40firebase%2Ffirestore-compat%2Fdownload%2F%40firebase%2Ffirestore-compat-0.1.4.tgz",
      "integrity": "sha1-yUzexB0liN10/49+ywvuhFRL6MY=",
      "requires": {
        "@firebase/component": "0.5.7",
        "@firebase/firestore": "3.1.1",
        "@firebase/firestore-types": "2.5.0",
        "@firebase/util": "1.4.0",
        "tslib": "^2.1.0"
      }
    },
    "@firebase/firestore-types": {
      "version": "2.5.0",
      "resolved": "https://registry.npmmirror.com/@firebase/firestore-types/download/@firebase/firestore-types-2.5.0.tgz?cache=0&sync_timestamp=1634334316928&other_urls=https%3A%2F%2Fregistry.npmmirror.com%2F%40firebase%2Ffirestore-types%2Fdownload%2F%40firebase%2Ffirestore-types-2.5.0.tgz",
      "integrity": "sha1-FvykC2mA/bAA3oYELXqWY18rzdc="
    },
    "@firebase/functions": {
      "version": "0.7.3",
      "resolved": "https://registry.npmmirror.com/@firebase/functions/download/@firebase/functions-0.7.3.tgz?cache=0&sync_timestamp=1634334281938&other_urls=https%3A%2F%2Fregistry.npmmirror.com%2F%40firebase%2Ffunctions%2Fdownload%2F%40firebase%2Ffunctions-0.7.3.tgz",
      "integrity": "sha1-uKunweWxZlBTsE4HX663u/awvEk=",
      "requires": {
        "@firebase/app-check-interop-types": "0.1.0",
        "@firebase/auth-interop-types": "0.1.6",
        "@firebase/component": "0.5.7",
        "@firebase/messaging-interop-types": "0.1.0",
        "@firebase/util": "1.4.0",
        "node-fetch": "2.6.5",
        "tslib": "^2.1.0"
      }
    },
    "@firebase/functions-compat": {
      "version": "0.1.4",
      "resolved": "https://registry.npmmirror.com/@firebase/functions-compat/download/@firebase/functions-compat-0.1.4.tgz?cache=0&sync_timestamp=1634334285956&other_urls=https%3A%2F%2Fregistry.npmmirror.com%2F%40firebase%2Ffunctions-compat%2Fdownload%2F%40firebase%2Ffunctions-compat-0.1.4.tgz",
      "integrity": "sha1-BstR55+H66OFLKHZ/hXFlQfksBM=",
      "requires": {
        "@firebase/component": "0.5.7",
        "@firebase/functions": "0.7.3",
        "@firebase/functions-types": "0.5.0",
        "@firebase/util": "1.4.0",
        "tslib": "^2.1.0"
      }
    },
    "@firebase/functions-types": {
      "version": "0.5.0",
      "resolved": "https://registry.npmmirror.com/@firebase/functions-types/download/@firebase/functions-types-0.5.0.tgz?cache=0&sync_timestamp=1634334289508&other_urls=https%3A%2F%2Fregistry.npmmirror.com%2F%40firebase%2Ffunctions-types%2Fdownload%2F%40firebase%2Ffunctions-types-0.5.0.tgz",
      "integrity": "sha1-tQupXMzp6W982kUyKP/haEZFYls="
    },
    "@firebase/installations": {
      "version": "0.5.2",
      "resolved": "https://registry.npmmirror.com/@firebase/installations/download/@firebase/installations-0.5.2.tgz",
      "integrity": "sha1-PaX1TD4V1+pHoEcpyvZnsoID12A=",
      "requires": {
        "@firebase/component": "0.5.7",
        "@firebase/util": "1.4.0",
        "idb": "3.0.2",
        "tslib": "^2.1.0"
      }
    },
    "@firebase/logger": {
      "version": "0.3.0",
      "resolved": "https://registry.npmmirror.com/@firebase/logger/download/@firebase/logger-0.3.0.tgz?cache=0&sync_timestamp=1634334310370&other_urls=https%3A%2F%2Fregistry.npmmirror.com%2F%40firebase%2Flogger%2Fdownload%2F%40firebase%2Flogger-0.3.0.tgz",
      "integrity": "sha1-o5kuQPYsECdtv8uLSrN2t+Jdf9k=",
      "requires": {
        "tslib": "^2.1.0"
      }
    },
    "@firebase/messaging": {
      "version": "0.9.2",
      "resolved": "https://registry.npmmirror.com/@firebase/messaging/download/@firebase/messaging-0.9.2.tgz?cache=0&sync_timestamp=1634334289284&other_urls=https%3A%2F%2Fregistry.npmmirror.com%2F%40firebase%2Fmessaging%2Fdownload%2F%40firebase%2Fmessaging-0.9.2.tgz",
      "integrity": "sha1-jf+os5K9bewE4L5LHwkezkK4JaU=",
      "requires": {
        "@firebase/component": "0.5.7",
        "@firebase/installations": "0.5.2",
        "@firebase/messaging-interop-types": "0.1.0",
        "@firebase/util": "1.4.0",
        "idb": "3.0.2",
        "tslib": "^2.1.0"
      }
    },
    "@firebase/messaging-compat": {
      "version": "0.1.2",
      "resolved": "https://registry.npmmirror.com/@firebase/messaging-compat/download/@firebase/messaging-compat-0.1.2.tgz?cache=0&sync_timestamp=1634334286157&other_urls=https%3A%2F%2Fregistry.npmmirror.com%2F%40firebase%2Fmessaging-compat%2Fdownload%2F%40firebase%2Fmessaging-compat-0.1.2.tgz",
      "integrity": "sha1-kVhBwPu4liDaAZ6GJtxkGjnLYD8=",
      "requires": {
        "@firebase/component": "0.5.7",
        "@firebase/messaging": "0.9.2",
        "@firebase/util": "1.4.0",
        "tslib": "^2.1.0"
      }
    },
    "@firebase/messaging-interop-types": {
      "version": "0.1.0",
      "resolved": "https://registry.npmmirror.com/@firebase/messaging-interop-types/download/@firebase/messaging-interop-types-0.1.0.tgz?cache=0&sync_timestamp=1634334326726&other_urls=https%3A%2F%2Fregistry.npmmirror.com%2F%40firebase%2Fmessaging-interop-types%2Fdownload%2F%40firebase%2Fmessaging-interop-types-0.1.0.tgz",
      "integrity": "sha1-vawC3THt1cue7Dex22mOpeLBpjE="
    },
    "@firebase/performance": {
      "version": "0.5.2",
      "resolved": "https://registry.npmmirror.com/@firebase/performance/download/@firebase/performance-0.5.2.tgz?cache=0&sync_timestamp=1634334291594&other_urls=https%3A%2F%2Fregistry.npmmirror.com%2F%40firebase%2Fperformance%2Fdownload%2F%40firebase%2Fperformance-0.5.2.tgz",
      "integrity": "sha1-xPHZBu92Ram2MsaGutV3/ONhNJ4=",
      "requires": {
        "@firebase/component": "0.5.7",
        "@firebase/installations": "0.5.2",
        "@firebase/logger": "0.3.0",
        "@firebase/util": "1.4.0",
        "tslib": "^2.1.0"
      }
    },
    "@firebase/performance-compat": {
      "version": "0.1.2",
      "resolved": "https://registry.npmmirror.com/@firebase/performance-compat/download/@firebase/performance-compat-0.1.2.tgz?cache=0&sync_timestamp=1634334293490&other_urls=https%3A%2F%2Fregistry.npmmirror.com%2F%40firebase%2Fperformance-compat%2Fdownload%2F%40firebase%2Fperformance-compat-0.1.2.tgz",
      "integrity": "sha1-Mma/wvxjkrG10Fh9YYoEIFXf9pQ=",
      "requires": {
        "@firebase/component": "0.5.7",
        "@firebase/logger": "0.3.0",
        "@firebase/performance": "0.5.2",
        "@firebase/performance-types": "0.1.0",
        "@firebase/util": "1.4.0",
        "tslib": "^2.1.0"
      }
    },
    "@firebase/performance-types": {
      "version": "0.1.0",
      "resolved": "https://registry.npmmirror.com/@firebase/performance-types/download/@firebase/performance-types-0.1.0.tgz?cache=0&sync_timestamp=1634334293783&other_urls=https%3A%2F%2Fregistry.npmmirror.com%2F%40firebase%2Fperformance-types%2Fdownload%2F%40firebase%2Fperformance-types-0.1.0.tgz",
      "integrity": "sha1-Xm76ncgYYK7iy3Ehs5ro+hN+afw="
    },
    "@firebase/polyfill": {
      "version": "0.3.36",
      "resolved": "https://registry.nlark.com/@firebase/polyfill/download/@firebase/polyfill-0.3.36.tgz",
      "integrity": "sha1-wFfM5nSBcPNpZrVVdJRysl79sUU=",
      "requires": {
        "core-js": "3.6.5",
        "promise-polyfill": "8.1.3",
        "whatwg-fetch": "2.0.4"
      }
    },
    "@firebase/remote-config": {
      "version": "0.3.1",
      "resolved": "https://registry.npmmirror.com/@firebase/remote-config/download/@firebase/remote-config-0.3.1.tgz?cache=0&sync_timestamp=1634334304854&other_urls=https%3A%2F%2Fregistry.npmmirror.com%2F%40firebase%2Fremote-config%2Fdownload%2F%40firebase%2Fremote-config-0.3.1.tgz",
      "integrity": "sha1-bXrqLphSekmaTukk2shOoQqQ3ko=",
      "requires": {
        "@firebase/component": "0.5.7",
        "@firebase/installations": "0.5.2",
        "@firebase/logger": "0.3.0",
        "@firebase/util": "1.4.0",
        "tslib": "^2.1.0"
      }
    },
    "@firebase/remote-config-compat": {
      "version": "0.1.2",
      "resolved": "https://registry.npmmirror.com/@firebase/remote-config-compat/download/@firebase/remote-config-compat-0.1.2.tgz?cache=0&sync_timestamp=1634334303351&other_urls=https%3A%2F%2Fregistry.npmmirror.com%2F%40firebase%2Fremote-config-compat%2Fdownload%2F%40firebase%2Fremote-config-compat-0.1.2.tgz",
      "integrity": "sha1-CzXqpTY5a46ny01pxVeL7m9AnHo=",
      "requires": {
        "@firebase/component": "0.5.7",
        "@firebase/logger": "0.3.0",
        "@firebase/remote-config": "0.3.1",
        "@firebase/remote-config-types": "0.2.0",
        "@firebase/util": "1.4.0",
        "tslib": "^2.1.0"
      }
    },
    "@firebase/remote-config-types": {
      "version": "0.2.0",
      "resolved": "https://registry.npmmirror.com/@firebase/remote-config-types/download/@firebase/remote-config-types-0.2.0.tgz?cache=0&sync_timestamp=1634334308971&other_urls=https%3A%2F%2Fregistry.npmmirror.com%2F%40firebase%2Fremote-config-types%2Fdownload%2F%40firebase%2Fremote-config-types-0.2.0.tgz",
      "integrity": "sha1-HidZ/AHyC1jFZNtCGW8HWETD0f0="
    },
    "@firebase/storage": {
      "version": "0.8.4",
      "resolved": "https://registry.npmmirror.com/@firebase/storage/download/@firebase/storage-0.8.4.tgz",
      "integrity": "sha1-ZzRIebzhJO0+/qLHMuLtJdZna/A=",
      "requires": {
        "@firebase/component": "0.5.7",
        "@firebase/util": "1.4.0",
        "node-fetch": "2.6.5",
        "tslib": "^2.1.0"
      }
    },
    "@firebase/storage-compat": {
      "version": "0.1.4",
      "resolved": "https://registry.npmmirror.com/@firebase/storage-compat/download/@firebase/storage-compat-0.1.4.tgz?cache=0&sync_timestamp=1634334315831&other_urls=https%3A%2F%2Fregistry.npmmirror.com%2F%40firebase%2Fstorage-compat%2Fdownload%2F%40firebase%2Fstorage-compat-0.1.4.tgz",
      "integrity": "sha1-l11I+Hy1jkaY0RGFOt9bdaPOz2Y=",
      "requires": {
        "@firebase/component": "0.5.7",
        "@firebase/storage": "0.8.4",
        "@firebase/storage-types": "0.6.0",
        "@firebase/util": "1.4.0",
        "tslib": "^2.1.0"
      }
    },
    "@firebase/storage-types": {
      "version": "0.6.0",
      "resolved": "https://registry.npmmirror.com/@firebase/storage-types/download/@firebase/storage-types-0.6.0.tgz?cache=0&sync_timestamp=1634334320287&other_urls=https%3A%2F%2Fregistry.npmmirror.com%2F%40firebase%2Fstorage-types%2Fdownload%2F%40firebase%2Fstorage-types-0.6.0.tgz",
      "integrity": "sha1-Cxr2Sillr0b8oTjltwcA6bfmMSo="
    },
    "@firebase/util": {
      "version": "1.4.0",
      "resolved": "https://registry.npmmirror.com/@firebase/util/download/@firebase/util-1.4.0.tgz",
      "integrity": "sha1-gemFrbpEtNHyHsn1r5Yo1QWJHeg=",
      "requires": {
        "tslib": "^2.1.0"
      }
    },
    "@firebase/webchannel-wrapper": {
      "version": "0.6.0",
      "resolved": "https://registry.npmmirror.com/@firebase/webchannel-wrapper/download/@firebase/webchannel-wrapper-0.6.0.tgz?cache=0&sync_timestamp=1634334304227&other_urls=https%3A%2F%2Fregistry.npmmirror.com%2F%40firebase%2Fwebchannel-wrapper%2Fdownload%2F%40firebase%2Fwebchannel-wrapper-0.6.0.tgz",
      "integrity": "sha1-4Y6pAchJF/ja3QGFBIqdAFc/5ZU="
    },
    "@grpc/grpc-js": {
      "version": "1.4.1",
      "resolved": "https://registry.npmmirror.com/@grpc/grpc-js/download/@grpc/grpc-js-1.4.1.tgz",
      "integrity": "sha1-eZBjpP9zlZh9T86yqrEzYpsAOEA=",
      "requires": {
        "@grpc/proto-loader": "^0.6.4",
        "@types/node": ">=12.12.47"
      }
    },
    "@grpc/proto-loader": {
      "version": "0.6.5",
      "resolved": "https://registry.nlark.com/@grpc/proto-loader/download/@grpc/proto-loader-0.6.5.tgz?cache=0&sync_timestamp=1631569595297&other_urls=https%3A%2F%2Fregistry.nlark.com%2F%40grpc%2Fproto-loader%2Fdownload%2F%40grpc%2Fproto-loader-0.6.5.tgz",
      "integrity": "sha1-8jx8s+cHaocC9AwrZnjwb7mVClU=",
      "requires": {
        "@types/long": "^4.0.1",
        "lodash.camelcase": "^4.3.0",
        "long": "^4.0.0",
        "protobufjs": "^6.10.0",
        "yargs": "^16.1.1"
      }
    },
    "@protobufjs/aspromise": {
      "version": "1.1.2",
      "resolved": "https://registry.npm.taobao.org/@protobufjs/aspromise/download/@protobufjs/aspromise-1.1.2.tgz",
      "integrity": "sha1-m4sMxmPWaafY9vXQiToU00jzD78="
    },
    "@protobufjs/base64": {
      "version": "1.1.2",
      "resolved": "https://registry.npm.taobao.org/@protobufjs/base64/download/@protobufjs/base64-1.1.2.tgz",
      "integrity": "sha1-TIVzDlm5ofHzSQR9vyQpYDS7JzU="
    },
    "@protobufjs/codegen": {
      "version": "2.0.4",
      "resolved": "https://registry.npm.taobao.org/@protobufjs/codegen/download/@protobufjs/codegen-2.0.4.tgz",
      "integrity": "sha1-fvN/DQEPsCitGtWXIuUG2SYoFcs="
    },
    "@protobufjs/eventemitter": {
      "version": "1.1.0",
      "resolved": "https://registry.npm.taobao.org/@protobufjs/eventemitter/download/@protobufjs/eventemitter-1.1.0.tgz",
      "integrity": "sha1-NVy8mLr61ZePntCV85diHx0Ga3A="
    },
    "@protobufjs/fetch": {
      "version": "1.1.0",
      "resolved": "https://registry.npm.taobao.org/@protobufjs/fetch/download/@protobufjs/fetch-1.1.0.tgz",
      "integrity": "sha1-upn7WYYUr2VwDBYZ/wbUVLDYTEU=",
      "requires": {
        "@protobufjs/aspromise": "^1.1.1",
        "@protobufjs/inquire": "^1.1.0"
      }
    },
    "@protobufjs/float": {
      "version": "1.0.2",
      "resolved": "https://registry.npm.taobao.org/@protobufjs/float/download/@protobufjs/float-1.0.2.tgz",
      "integrity": "sha1-Xp4avctz/Ap8uLKR33jIy9l7h9E="
    },
    "@protobufjs/inquire": {
      "version": "1.1.0",
      "resolved": "https://registry.npm.taobao.org/@protobufjs/inquire/download/@protobufjs/inquire-1.1.0.tgz",
      "integrity": "sha1-/yAOPnzyQp4tyvwRQIKOjMY48Ik="
    },
    "@protobufjs/path": {
      "version": "1.1.2",
      "resolved": "https://registry.npm.taobao.org/@protobufjs/path/download/@protobufjs/path-1.1.2.tgz",
      "integrity": "sha1-bMKyDFya1q0NzP0hynZz2Nf79o0="
    },
    "@protobufjs/pool": {
      "version": "1.1.0",
      "resolved": "https://registry.npm.taobao.org/@protobufjs/pool/download/@protobufjs/pool-1.1.0.tgz",
      "integrity": "sha1-Cf0V8tbTq/qbZbw2ZQbWrXhG/1Q="
    },
    "@protobufjs/utf8": {
      "version": "1.1.0",
      "resolved": "https://registry.npm.taobao.org/@protobufjs/utf8/download/@protobufjs/utf8-1.1.0.tgz",
      "integrity": "sha1-p3c2C1s5oaLlEG+OhY8v0tBgxXA="
    },
    "@types/long": {
      "version": "4.0.1",
      "resolved": "https://registry.nlark.com/@types/long/download/@types/long-4.0.1.tgz?cache=0&sync_timestamp=1629708372730&other_urls=https%3A%2F%2Fregistry.nlark.com%2F%40types%2Flong%2Fdownload%2F%40types%2Flong-4.0.1.tgz",
      "integrity": "sha1-RZxl+hhn2v5qjzIsTFFpVmPMVek="
    },
    "@types/node": {
      "version": "16.11.1",
      "resolved": "https://registry.npmmirror.com/@types/node/download/@types/node-16.11.1.tgz?cache=0&sync_timestamp=1634443414534&other_urls=https%3A%2F%2Fregistry.npmmirror.com%2F%40types%2Fnode%2Fdownload%2F%40types%2Fnode-16.11.1.tgz",
      "integrity": "sha1-LlCmSaUPxANDOhT4Ke+s4aNEPpc="
    },
    "ansi-regex": {
      "version": "5.0.1",
      "resolved": "https://registry.nlark.com/ansi-regex/download/ansi-regex-5.0.1.tgz?cache=0&sync_timestamp=1631634988487&other_urls=https%3A%2F%2Fregistry.nlark.com%2Fansi-regex%2Fdownload%2Fansi-regex-5.0.1.tgz",
      "integrity": "sha1-CCyyyJyf6GWaMRpTvWpNxTAdswQ="
    },
    "ansi-styles": {
      "version": "4.3.0",
      "resolved": "https://registry.nlark.com/ansi-styles/download/ansi-styles-4.3.0.tgz?cache=0&sync_timestamp=1618995588464&other_urls=https%3A%2F%2Fregistry.nlark.com%2Fansi-styles%2Fdownload%2Fansi-styles-4.3.0.tgz",
      "integrity": "sha1-7dgDYornHATIWuegkG7a00tkiTc=",
      "requires": {
        "color-convert": "^2.0.1"
      }
    },
    "balanced-match": {
      "version": "1.0.2",
      "resolved": "https://registry.npm.taobao.org/balanced-match/download/balanced-match-1.0.2.tgz?cache=0&sync_timestamp=1617714298273&other_urls=https%3A%2F%2Fregistry.npm.taobao.org%2Fbalanced-match%2Fdownload%2Fbalanced-match-1.0.2.tgz",
      "integrity": "sha1-6D46fj8wCzTLnYf2FfoMvzV2kO4="
    },
    "brace-expansion": {
      "version": "1.1.11",
      "resolved": "https://registry.npm.taobao.org/brace-expansion/download/brace-expansion-1.1.11.tgz?cache=0&sync_timestamp=1614010713935&other_urls=https%3A%2F%2Fregistry.npm.taobao.org%2Fbrace-expansion%2Fdownload%2Fbrace-expansion-1.1.11.tgz",
      "integrity": "sha1-PH/L9SnYcibz0vUrlm/1Jx60Qd0=",
      "requires": {
        "balanced-match": "^1.0.0",
        "concat-map": "0.0.1"
      }
    },
    "cliui": {
      "version": "7.0.4",
      "resolved": "https://registry.npm.taobao.org/cliui/download/cliui-7.0.4.tgz?cache=0&sync_timestamp=1604880226973&other_urls=https%3A%2F%2Fregistry.npm.taobao.org%2Fcliui%2Fdownload%2Fcliui-7.0.4.tgz",
      "integrity": "sha1-oCZe5lVHb8gHrqnfPfjfd4OAi08=",
      "requires": {
        "string-width": "^4.2.0",
        "strip-ansi": "^6.0.0",
        "wrap-ansi": "^7.0.0"
      }
    },
    "color-convert": {
      "version": "2.0.1",
      "resolved": "https://registry.npm.taobao.org/color-convert/download/color-convert-2.0.1.tgz",
      "integrity": "sha1-ctOmjVmMm9s68q0ehPIdiWq9TeM=",
      "requires": {
        "color-name": "~1.1.4"
      }
    },
    "color-name": {
      "version": "1.1.4",
      "resolved": "https://registry.npm.taobao.org/color-name/download/color-name-1.1.4.tgz",
      "integrity": "sha1-wqCah6y95pVD3m9j+jmVyCbFNqI="
    },
    "concat-map": {
      "version": "0.0.1",
      "resolved": "https://registry.npm.taobao.org/concat-map/download/concat-map-0.0.1.tgz",
      "integrity": "sha1-2Klr13/Wjfd5OnMDajug1UBdR3s="
    },
    "core-js": {
      "version": "3.6.5",
      "resolved": "https://registry.npmmirror.com/core-js/download/core-js-3.6.5.tgz",
      "integrity": "sha1-c5XcJzrzf7LlDpvT2f6EEoUjHRo="
    },
    "core-util-is": {
      "version": "1.0.3",
      "resolved": "https://registry.nlark.com/core-util-is/download/core-util-is-1.0.3.tgz?cache=0&sync_timestamp=1630420588557&other_urls=https%3A%2F%2Fregistry.nlark.com%2Fcore-util-is%2Fdownload%2Fcore-util-is-1.0.3.tgz",
      "integrity": "sha1-pgQtNjTCsn6TKPg3uWX6yDgI24U="
    },
    "emoji-regex": {
      "version": "8.0.0",
      "resolved": "https://registry.npmmirror.com/emoji-regex/download/emoji-regex-8.0.0.tgz?cache=0&sync_timestamp=1632751333727&other_urls=https%3A%2F%2Fregistry.npmmirror.com%2Femoji-regex%2Fdownload%2Femoji-regex-8.0.0.tgz",
      "integrity": "sha1-6Bj9ac5cz8tARZT4QpY79TFkzDc="
    },
    "escalade": {
      "version": "3.1.1",
      "resolved": "https://registry.npm.taobao.org/escalade/download/escalade-3.1.1.tgz?cache=0&sync_timestamp=1602567306925&other_urls=https%3A%2F%2Fregistry.npm.taobao.org%2Fescalade%2Fdownload%2Fescalade-3.1.1.tgz",
      "integrity": "sha1-2M/ccACWXFoBdLSoLqpcBVJ0LkA="
    },
    "faye-websocket": {
      "version": "0.11.4",
      "resolved": "https://registry.nlark.com/faye-websocket/download/faye-websocket-0.11.4.tgz",
      "integrity": "sha1-fw2Sdc/dhqHJY9yLZfzEUe3Lsdo=",
      "requires": {
        "websocket-driver": ">=0.5.1"
      }
    },
    "firebase": {
      "version": "9.1.3",
      "resolved": "https://registry.npmmirror.com/firebase/download/firebase-9.1.3.tgz?cache=0&sync_timestamp=1634334222123&other_urls=https%3A%2F%2Fregistry.npmmirror.com%2Ffirebase%2Fdownload%2Ffirebase-9.1.3.tgz",
      "integrity": "sha1-EVV/gS9T7atQU+0L1N00Tyrn+18=",
      "requires": {
        "@firebase/analytics": "0.7.2",
        "@firebase/analytics-compat": "0.1.3",
        "@firebase/app": "0.7.4",
        "@firebase/app-check": "0.4.2",
        "@firebase/app-check-compat": "0.1.3",
        "@firebase/app-compat": "0.1.5",
        "@firebase/app-types": "0.7.0",
        "@firebase/auth": "0.18.3",
        "@firebase/auth-compat": "0.1.6",
        "@firebase/database": "0.12.2",
        "@firebase/database-compat": "0.1.2",
        "@firebase/firestore": "3.1.1",
        "@firebase/firestore-compat": "0.1.4",
        "@firebase/functions": "0.7.3",
        "@firebase/functions-compat": "0.1.4",
        "@firebase/installations": "0.5.2",
        "@firebase/messaging": "0.9.2",
        "@firebase/messaging-compat": "0.1.2",
        "@firebase/performance": "0.5.2",
        "@firebase/performance-compat": "0.1.2",
        "@firebase/polyfill": "0.3.36",
        "@firebase/remote-config": "0.3.1",
        "@firebase/remote-config-compat": "0.1.2",
        "@firebase/storage": "0.8.4",
        "@firebase/storage-compat": "0.1.4",
        "@firebase/util": "1.4.0"
      }
    },
    "fs.realpath": {
      "version": "1.0.0",
      "resolved": "https://registry.npm.taobao.org/fs.realpath/download/fs.realpath-1.0.0.tgz",
      "integrity": "sha1-FQStJSMVjKpA20onh8sBQRmU6k8="
    },
    "get-caller-file": {
      "version": "2.0.5",
      "resolved": "https://registry.npm.taobao.org/get-caller-file/download/get-caller-file-2.0.5.tgz",
      "integrity": "sha1-T5RBKoLbMvNuOwuXQfipf+sDH34="
    },
    "glob": {
      "version": "7.2.0",
      "resolved": "https://registry.npmmirror.com/glob/download/glob-7.2.0.tgz?cache=0&sync_timestamp=1632353796482&other_urls=https%3A%2F%2Fregistry.npmmirror.com%2Fglob%2Fdownload%2Fglob-7.2.0.tgz",
      "integrity": "sha1-0VU1r3cy4C6Uj0xBYovZECk/YCM=",
      "requires": {
        "fs.realpath": "^1.0.0",
        "inflight": "^1.0.4",
        "inherits": "2",
        "minimatch": "^3.0.4",
        "once": "^1.3.0",
        "path-is-absolute": "^1.0.0"
      }
    },
    "http-parser-js": {
      "version": "0.5.3",
      "resolved": "https://registry.npm.taobao.org/http-parser-js/download/http-parser-js-0.5.3.tgz?cache=0&sync_timestamp=1609539959333&other_urls=https%3A%2F%2Fregistry.npm.taobao.org%2Fhttp-parser-js%2Fdownload%2Fhttp-parser-js-0.5.3.tgz",
      "integrity": "sha1-AdJwnHnUFpi7AdTezF6dpOSgM9k="
    },
    "idb": {
      "version": "3.0.2",
      "resolved": "https://registry.npmmirror.com/idb/download/idb-3.0.2.tgz",
      "integrity": "sha1-yOkSLV3dQPE7YK5mXkhi+LE/o4Q="
    },
    "immediate": {
      "version": "3.0.6",
      "resolved": "https://registry.npm.taobao.org/immediate/download/immediate-3.0.6.tgz",
      "integrity": "sha1-nbHb0Pr43m++D13V5Wu2BigN5ps="
    },
    "inflight": {
      "version": "1.0.6",
      "resolved": "https://registry.npm.taobao.org/inflight/download/inflight-1.0.6.tgz",
      "integrity": "sha1-Sb1jMdfQLQwJvJEKEHW6gWW1bfk=",
      "requires": {
        "once": "^1.3.0",
        "wrappy": "1"
      }
    },
    "inherits": {
      "version": "2.0.4",
      "resolved": "https://registry.npm.taobao.org/inherits/download/inherits-2.0.4.tgz?cache=0&other_urls=https%3A%2F%2Fregistry.npm.taobao.org%2Finherits%2Fdownload%2Finherits-2.0.4.tgz",
      "integrity": "sha1-D6LGT5MpF8NDOg3tVTY6rjdBa3w="
    },
    "is-fullwidth-code-point": {
      "version": "3.0.0",
      "resolved": "https://registry.npm.taobao.org/is-fullwidth-code-point/download/is-fullwidth-code-point-3.0.0.tgz",
      "integrity": "sha1-8Rb4Bk/pCz94RKOJl8C3UFEmnx0="
    },
    "isarray": {
      "version": "1.0.0",
      "resolved": "https://registry.npm.taobao.org/isarray/download/isarray-1.0.0.tgz",
      "integrity": "sha1-u5NdSFgsuhaMBoNJV6VKPgcSTxE="
    },
    "jszip": {
      "version": "3.7.1",
      "resolved": "https://registry.nlark.com/jszip/download/jszip-3.7.1.tgz",
      "integrity": "sha1-vWNAEiHBViWhIoxVbKimjab9o9k=",
      "requires": {
        "lie": "~3.3.0",
        "pako": "~1.0.2",
        "readable-stream": "~2.3.6",
        "set-immediate-shim": "~1.0.1"
      }
    },
    "lie": {
      "version": "3.3.0",
      "resolved": "https://registry.nlark.com/lie/download/lie-3.3.0.tgz",
      "integrity": "sha1-3Pgt7lRfRgdNryAMfBxaCOD0D2o=",
      "requires": {
        "immediate": "~3.0.5"
      }
    },
    "lodash.camelcase": {
      "version": "4.3.0",
      "resolved": "https://registry.npm.taobao.org/lodash.camelcase/download/lodash.camelcase-4.3.0.tgz",
      "integrity": "sha1-soqmKIorn8ZRA1x3EfZathkDMaY="
    },
    "long": {
      "version": "4.0.0",
      "resolved": "https://registry.npm.taobao.org/long/download/long-4.0.0.tgz",
      "integrity": "sha1-mntxz7fTYaGU6lVSQckvdGjVvyg="
    },
    "minimatch": {
      "version": "3.0.4",
      "resolved": "https://registry.npm.taobao.org/minimatch/download/minimatch-3.0.4.tgz?cache=0&other_urls=https%3A%2F%2Fregistry.npm.taobao.org%2Fminimatch%2Fdownload%2Fminimatch-3.0.4.tgz",
      "integrity": "sha1-UWbihkV/AzBgZL5Ul+jbsMPTIIM=",
      "requires": {
        "brace-expansion": "^1.1.7"
      }
    },
    "node-fetch": {
      "version": "2.6.5",
      "resolved": "https://registry.npmmirror.com/node-fetch/download/node-fetch-2.6.5.tgz",
      "integrity": "sha1-QnNVN9fwgKfl94tsVJtxRr4XQv0=",
      "requires": {
        "whatwg-url": "^5.0.0"
      }
    },
    "once": {
      "version": "1.4.0",
      "resolved": "https://registry.npm.taobao.org/once/download/once-1.4.0.tgz",
      "integrity": "sha1-WDsap3WWHUsROsF9nFC6753Xa9E=",
      "requires": {
        "wrappy": "1"
      }
    },
    "pako": {
      "version": "1.0.11",
      "resolved": "https://registry.nlark.com/pako/download/pako-1.0.11.tgz",
      "integrity": "sha1-bJWZ00DVTf05RjgCUqNXBaa5kr8="
    },
    "path-is-absolute": {
      "version": "1.0.1",
      "resolved": "https://registry.npm.taobao.org/path-is-absolute/download/path-is-absolute-1.0.1.tgz",
      "integrity": "sha1-F0uSaHNVNP+8es5r9TpanhtcX18="
    },
    "process-nextick-args": {
      "version": "2.0.1",
      "resolved": "https://registry.npm.taobao.org/process-nextick-args/download/process-nextick-args-2.0.1.tgz",
      "integrity": "sha1-eCDZsWEgzFXKmud5JoCufbptf+I="
    },
    "promise-polyfill": {
      "version": "8.1.3",
      "resolved": "https://registry.npm.taobao.org/promise-polyfill/download/promise-polyfill-8.1.3.tgz",
      "integrity": "sha1-jJmzz1PzqRxoIm/9573oHX+QQRY="
    },
    "protobufjs": {
      "version": "6.11.2",
      "resolved": "https://registry.nlark.com/protobufjs/download/protobufjs-6.11.2.tgz",
      "integrity": "sha1-3jn6vU7TK+qgjpux4w0IVEwe34s=",
      "requires": {
        "@protobufjs/aspromise": "^1.1.2",
        "@protobufjs/base64": "^1.1.2",
        "@protobufjs/codegen": "^2.0.4",
        "@protobufjs/eventemitter": "^1.1.0",
        "@protobufjs/fetch": "^1.1.0",
        "@protobufjs/float": "^1.0.2",
        "@protobufjs/inquire": "^1.1.0",
        "@protobufjs/path": "^1.1.2",
        "@protobufjs/pool": "^1.1.0",
        "@protobufjs/utf8": "^1.1.0",
        "@types/long": "^4.0.1",
        "@types/node": ">=13.7.0",
        "long": "^4.0.0"
      }
    },
    "readable-stream": {
      "version": "2.3.7",
      "resolved": "https://registry.npm.taobao.org/readable-stream/download/readable-stream-2.3.7.tgz",
      "integrity": "sha1-Hsoc9xGu+BTAT2IlKjamL2yyO1c=",
      "requires": {
        "core-util-is": "~1.0.0",
        "inherits": "~2.0.3",
        "isarray": "~1.0.0",
        "process-nextick-args": "~2.0.0",
        "safe-buffer": "~5.1.1",
        "string_decoder": "~1.1.1",
        "util-deprecate": "~1.0.1"
      }
    },
    "require-directory": {
      "version": "2.1.1",
      "resolved": "https://registry.npm.taobao.org/require-directory/download/require-directory-2.1.1.tgz",
      "integrity": "sha1-jGStX9MNqxyXbiNE/+f3kqam30I="
    },
    "rimraf": {
      "version": "3.0.2",
      "resolved": "https://registry.npm.taobao.org/rimraf/download/rimraf-3.0.2.tgz?cache=0&sync_timestamp=1598867244181&other_urls=https%3A%2F%2Fregistry.npm.taobao.org%2Frimraf%2Fdownload%2Frimraf-3.0.2.tgz",
      "integrity": "sha1-8aVAK6YiCtUswSgrrBrjqkn9Bho=",
      "requires": {
        "glob": "^7.1.3"
      }
    },
    "safe-buffer": {
      "version": "5.1.2",
      "resolved": "https://registry.npm.taobao.org/safe-buffer/download/safe-buffer-5.1.2.tgz",
      "integrity": "sha1-mR7GnSluAxN0fVm9/St0XDX4go0="
    },
    "selenium-webdriver": {
      "version": "4.0.0-rc-1",
      "resolved": "https://registry.npmmirror.com/selenium-webdriver/download/selenium-webdriver-4.0.0-rc-1.tgz",
      "integrity": "sha1-seflghKYyKBx6YhRjda3WfDEEoE=",
      "requires": {
        "jszip": "^3.6.0",
        "rimraf": "^3.0.2",
        "tmp": "^0.2.1",
        "ws": ">=7.4.6"
      }
    },
    "set-immediate-shim": {
      "version": "1.0.1",
      "resolved": "https://registry.npm.taobao.org/set-immediate-shim/download/set-immediate-shim-1.0.1.tgz",
      "integrity": "sha1-SysbJ+uAip+NzEgaWOXlb1mfP2E="
    },
    "string-width": {
      "version": "4.2.3",
      "resolved": "https://registry.npmmirror.com/string-width/download/string-width-4.2.3.tgz",
      "integrity": "sha1-JpxxF9J7Ba0uU2gwqOyJXvnG0BA=",
      "requires": {
        "emoji-regex": "^8.0.0",
        "is-fullwidth-code-point": "^3.0.0",
        "strip-ansi": "^6.0.1"
      }
    },
    "string_decoder": {
      "version": "1.1.1",
      "resolved": "https://registry.npm.taobao.org/string_decoder/download/string_decoder-1.1.1.tgz",
      "integrity": "sha1-nPFhG6YmhdcDCunkujQUnDrwP8g=",
      "requires": {
        "safe-buffer": "~5.1.0"
      }
    },
    "strip-ansi": {
      "version": "6.0.1",
      "resolved": "https://registry.npmmirror.com/strip-ansi/download/strip-ansi-6.0.1.tgz?cache=0&sync_timestamp=1632420537546&other_urls=https%3A%2F%2Fregistry.npmmirror.com%2Fstrip-ansi%2Fdownload%2Fstrip-ansi-6.0.1.tgz",
      "integrity": "sha1-nibGPTD1NEPpSJSVshBdN7Z6hdk=",
      "requires": {
        "ansi-regex": "^5.0.1"
      }
    },
    "tmp": {
      "version": "0.2.1",
      "resolved": "https://registry.npm.taobao.org/tmp/download/tmp-0.2.1.tgz",
      "integrity": "sha1-hFf8MDfc9HGcJRNnoa9lAO4czxQ=",
      "requires": {
        "rimraf": "^3.0.0"
      }
    },
    "tr46": {
      "version": "0.0.3",
      "resolved": "https://registry.npmmirror.com/tr46/download/tr46-0.0.3.tgz?cache=0&sync_timestamp=1633302926384&other_urls=https%3A%2F%2Fregistry.npmmirror.com%2Ftr46%2Fdownload%2Ftr46-0.0.3.tgz",
      "integrity": "sha1-gYT9NH2snNwYWZLzpmIuFLnZq2o="
    },
    "tslib": {
      "version": "2.3.1",
      "resolved": "https://registry.nlark.com/tslib/download/tslib-2.3.1.tgz?cache=0&sync_timestamp=1628722556410&other_urls=https%3A%2F%2Fregistry.nlark.com%2Ftslib%2Fdownload%2Ftslib-2.3.1.tgz",
      "integrity": "sha1-6KM1rdXOrlGqJh0ypJAVjvBC7wE="
    },
    "util-deprecate": {
      "version": "1.0.2",
      "resolved": "https://registry.npm.taobao.org/util-deprecate/download/util-deprecate-1.0.2.tgz",
      "integrity": "sha1-RQ1Nyfpw3nMnYvvS1KKJgUGaDM8="
    },
    "webidl-conversions": {
      "version": "3.0.1",
      "resolved": "https://registry.nlark.com/webidl-conversions/download/webidl-conversions-3.0.1.tgz?cache=0&sync_timestamp=1631410836869&other_urls=https%3A%2F%2Fregistry.nlark.com%2Fwebidl-conversions%2Fdownload%2Fwebidl-conversions-3.0.1.tgz",
      "integrity": "sha1-JFNCdeKnvGvnvIZhHMFq4KVlSHE="
    },
    "websocket-driver": {
      "version": "0.7.4",
      "resolved": "https://registry.npm.taobao.org/websocket-driver/download/websocket-driver-0.7.4.tgz",
      "integrity": "sha1-ia1Slbv2S0gKvLox5JU6ynBvV2A=",
      "requires": {
        "http-parser-js": ">=0.5.1",
        "safe-buffer": ">=5.1.0",
        "websocket-extensions": ">=0.1.1"
      }
    },
    "websocket-extensions": {
      "version": "0.1.4",
      "resolved": "https://registry.npm.taobao.org/websocket-extensions/download/websocket-extensions-0.1.4.tgz",
      "integrity": "sha1-f4RzvIOd/YdgituV1+sHUhFXikI="
    },
    "whatwg-fetch": {
      "version": "2.0.4",
      "resolved": "https://registry.npm.taobao.org/whatwg-fetch/download/whatwg-fetch-2.0.4.tgz?cache=0&sync_timestamp=1614451748242&other_urls=https%3A%2F%2Fregistry.npm.taobao.org%2Fwhatwg-fetch%2Fdownload%2Fwhatwg-fetch-2.0.4.tgz",
      "integrity": "sha1-3eal3zFfnTmZGqF2IYU9cguFVm8="
    },
    "whatwg-url": {
      "version": "5.0.0",
      "resolved": "https://registry.npmmirror.com/whatwg-url/download/whatwg-url-5.0.0.tgz?cache=0&sync_timestamp=1633539260720&other_urls=https%3A%2F%2Fregistry.npmmirror.com%2Fwhatwg-url%2Fdownload%2Fwhatwg-url-5.0.0.tgz",
      "integrity": "sha1-lmRU6HZUYuN2RNNib2dCzotwll0=",
      "requires": {
        "tr46": "~0.0.3",
        "webidl-conversions": "^3.0.0"
      }
    },
    "wrap-ansi": {
      "version": "7.0.0",
      "resolved": "https://registry.nlark.com/wrap-ansi/download/wrap-ansi-7.0.0.tgz",
      "integrity": "sha1-Z+FFz/UQpqaYS98RUpEdadLrnkM=",
      "requires": {
        "ansi-styles": "^4.0.0",
        "string-width": "^4.1.0",
        "strip-ansi": "^6.0.0"
      }
    },
    "wrappy": {
      "version": "1.0.2",
      "resolved": "https://registry.nlark.com/wrappy/download/wrappy-1.0.2.tgz",
      "integrity": "sha1-tSQ9jz7BqjXxNkYFvA0QNuMKtp8="
    },
    "ws": {
      "version": "8.2.3",
      "resolved": "https://registry.npmmirror.com/ws/download/ws-8.2.3.tgz",
      "integrity": "sha1-Y6VkVtsbBDZ9C3IaC4DK5ti+y7o="
    },
    "y18n": {
      "version": "5.0.8",
      "resolved": "https://registry.npm.taobao.org/y18n/download/y18n-5.0.8.tgz",
      "integrity": "sha1-f0k00PfKjFb5UxSTndzS3ZHOHVU="
    },
    "yargs": {
      "version": "16.2.0",
      "resolved": "https://registry.npmmirror.com/yargs/download/yargs-16.2.0.tgz",
      "integrity": "sha1-HIK/D2tqZur85+8w43b0mhJHf2Y=",
      "requires": {
        "cliui": "^7.0.2",
        "escalade": "^3.1.1",
        "get-caller-file": "^2.0.5",
        "require-directory": "^2.1.1",
        "string-width": "^4.2.0",
        "y18n": "^5.0.5",
        "yargs-parser": "^20.2.2"
      }
    },
    "yargs-parser": {
      "version": "20.2.9",
      "resolved": "https://registry.nlark.com/yargs-parser/download/yargs-parser-20.2.9.tgz?cache=0&sync_timestamp=1624233331973&other_urls=https%3A%2F%2Fregistry.nlark.com%2Fyargs-parser%2Fdownload%2Fyargs-parser-20.2.9.tgz",
      "integrity": "sha1-LrfcOwKJcY/ClfNidThFxBoMlO4="
    }
  }
}
